
Microsoft Visual Studio Solution File, Format Version 12.00
# Visual Studio 15
VisualStudioVersion = 15.0.28307.489
MinimumVisualStudioVersion = 10.0.40219.1
Project("{FAE04EC0-301F-11D3-BF4B-00C04F79EFBC}") = "NWF", "NWF\NWF.csproj", "{B0F4D329-68A8-460F-9178-7A40BC386AD0}"
EndProject
Global
	GlobalSection(SolutionConfigurationPlatforms) = preSolution
		Debug|Any CPU = Debug|Any CPU
		Release|Any CPU = Release|Any CPU
	EndGlobalSection
	GlobalSection(ProjectConfigurationPlatforms) = postSolution
		{B0F4D329-68A8-460F-9178-7A40BC386AD0}.Debug|Any CPU.ActiveCfg = Debug|Any CPU
		{B0F4D329-68A8-460F-9178-7A40BC386AD0}.Debug|Any CPU.Build.0 = Debug|Any CPU
		{B0F4D329-68A8-460F-9178-7A40BC386AD0}.Release|Any CPU.ActiveCfg = Release|Any CPU
		{B0F4D329-68A8-460F-9178-7A40BC386AD0}.Release|Any CPU.Build.0 = Release|Any CPU
	EndGlobalSection
	GlobalSection(SolutionProperties) = preSolution
		HideSolutionNode = FALSE
	EndGlobalSection
	GlobalSection(ExtensibilityGlobals) = postSolution
		SolutionGuid = {D8EF80C2-07BB-436B-90B5-4EF5C2671A52}
	EndGlobalSection
EndGlobal
